{
  "requires": true,
  "lockfileVersion": 1,
  "dependencies": {
    "abbrev": {
      "version": "1.1.1",
      "resolved": "https://registry.npmjs.org/abbrev/-/abbrev-1.1.1.tgz",
      "integrity": "sha512-nne9/IiQ/hzIhY6pdDnbBtz7DjPTKrY00P/zvPSm5pOFkl6xuGrGnXn/VtTNNfNtAfZ9/1RtehkszU9qcTii0Q=="
    },
    "ansi": {
      "version": "0.3.1",
      "resolved": "https://registry.npmjs.org/ansi/-/ansi-0.3.1.tgz",
      "integrity": "sha1-DELU+xcWDVqa8eSEus4cZpIsGyE="
    },
    "balanced-match": {
      "version": "1.0.0",
      "resolved": "https://registry.npmjs.org/balanced-match/-/balanced-match-1.0.0.tgz",
      "integrity": "sha1-ibTRmasr7kneFk6gK4nORi1xt2c="
    },
    "base64-js": {
      "version": "1.2.0",
      "resolved": "https://registry.npmjs.org/base64-js/-/base64-js-1.2.0.tgz",
      "integrity": "sha1-o5mS1yNYSBGYK+XikLtqU9hnAPE="
    },
    "big-integer": {
      "version": "1.6.32",
      "resolved": "https://registry.npmjs.org/big-integer/-/big-integer-1.6.32.tgz",
      "integrity": "sha512-ljKJdR3wk9thHfLj4DtrNiOSTxvGFaMjWrG4pW75juXC4j7+XuKJVFdg4kgFMYp85PVkO05dFMj2dk2xVsH4xw=="
    },
    "bplist-creator": {
      "version": "0.0.7",
      "resolved": "https://registry.npmjs.org/bplist-creator/-/bplist-creator-0.0.7.tgz",
      "integrity": "sha1-N98VNgkoJLh8QvlXsBNEEXNyrkU=",
      "requires": {
        "stream-buffers": "~2.2.0"
      }
    },
    "bplist-parser": {
      "version": "0.1.1",
      "resolved": "https://registry.npmjs.org/bplist-parser/-/bplist-parser-0.1.1.tgz",
      "integrity": "sha1-1g1dzCDLptx+HymbNdPh+V2vuuY=",
      "requires": {
        "big-integer": "^1.6.7"
      }
    },
    "brace-expansion": {
      "version": "1.1.11",
      "resolved": "https://registry.npmjs.org/brace-expansion/-/brace-expansion-1.1.11.tgz",
      "integrity": "sha512-iCuPHDFgrHX7H2vEI/5xpz07zSHB00TpugqhmYtVmMO6518mCuRMoOYFldEBl0g187ufozdaHgWKcYFb61qGiA==",
      "requires": {
        "balanced-match": "^1.0.0",
        "concat-map": "0.0.1"
      }
    },
    "concat-map": {
      "version": "0.0.1",
      "resolved": "https://registry.npmjs.org/concat-map/-/concat-map-0.0.1.tgz",
      "integrity": "sha1-2Klr13/Wjfd5OnMDajug1UBdR3s="
    },
    "cordova-common": {
      "version": "2.2.5",
      "resolved": "https://registry.npmjs.org/cordova-common/-/cordova-common-2.2.5.tgz",
      "integrity": "sha1-+TzvKtSUz8v1bEbj1hKqqctfzDI=",
      "requires": {
        "ansi": "^0.3.1",
        "bplist-parser": "^0.1.0",
        "cordova-registry-mapper": "^1.1.8",
        "elementtree": "0.1.6",
        "glob": "^5.0.13",
        "minimatch": "^3.0.0",
        "plist": "^2.1.0",
        "q": "^1.4.1",
        "shelljs": "^0.5.3",
        "underscore": "^1.8.3",
        "unorm": "^1.3.3"
      }
    },
    "cordova-registry-mapper": {
      "version": "1.1.15",
      "resolved": "https://registry.npmjs.org/cordova-registry-mapper/-/cordova-registry-mapper-1.1.15.tgz",
      "integrity": "sha1-4kS5GFuBdUc7/2B5MkkFEV+D3Hw="
    },
    "elementtree": {
      "version": "0.1.6",
      "resolved": "https://registry.npmjs.org/elementtree/-/elementtree-0.1.6.tgz",
      "integrity": "sha1-KsTEbqMFFsjEy9teOsdBjlkt4gw=",
      "requires": {
        "sax": "0.3.5"
      }
    },
    "glob": {
      "version": "5.0.15",
      "resolved": "https://registry.npmjs.org/glob/-/glob-5.0.15.tgz",
      "integrity": "sha1-G8k2ueAvSmA/zCIuz3Yz0wuLk7E=",
      "requires": {
        "inflight": "^1.0.4",
        "inherits": "2",
        "minimatch": "2 || 3",
        "once": "^1.3.0",
        "path-is-absolute": "^1.0.0"
      }
    },
    "inflight": {
      "version": "1.0.6",
      "resolved": "https://registry.npmjs.org/inflight/-/inflight-1.0.6.tgz",
      "integrity": "sha1-Sb1jMdfQLQwJvJEKEHW6gWW1bfk=",
      "requires": {
        "once": "^1.3.0",
        "wrappy": "1"
      }
    },
    "inherits": {
      "version": "2.0.3",
      "resolved": "https://registry.npmjs.org/inherits/-/inherits-2.0.3.tgz",
      "integrity": "sha1-Yzwsg+PaQqUC9SRmAiSA9CCCYd4="
    },
    "ios-sim": {
      "version": "8.0.1",
      "resolved": "https://registry.npmjs.org/ios-sim/-/ios-sim-8.0.1.tgz",
      "integrity": "sha512-BdDMehHmLxbbOWAi98OZRquctkfpcVWBt3wu7FQHJ5RSuN4drY4tvhOtOzQMRy127irReTpyN4WY5kHF9iC9Ig==",
      "requires": {
        "bplist-parser": "^0.0.6",
        "nopt": "1.0.9",
        "plist": "^3.0.1",
        "simctl": "^2"
      },
      "dependencies": {
        "base64-js": {
          "version": "1.3.0",
          "resolved": "https://registry.npmjs.org/base64-js/-/base64-js-1.3.0.tgz",
          "integrity": "sha512-ccav/yGvoa80BQDljCxsmmQ3Xvx60/UpBIij5QN21W3wBi/hhIC9OoO+KLpu9IJTS9j4DRVJ3aDDF9cMSoa2lw=="
        },
        "bplist-parser": {
          "version": "0.0.6",
          "resolved": "https://registry.npmjs.org/bplist-parser/-/bplist-parser-0.0.6.tgz",
          "integrity": "sha1-ONo0cYF9+dRKs4kuJ3B7u9daEbk="
        },
        "nopt": {
          "version": "1.0.9",
          "resolved": "https://registry.npmjs.org/nopt/-/nopt-1.0.9.tgz",
          "integrity": "sha1-O8DXy6e/sNWmdtvtfA6+SKT9RU4=",
          "requires": {
            "abbrev": "1"
          }
        },
        "plist": {
          "version": "3.0.1",
          "resolved": "https://registry.npmjs.org/plist/-/plist-3.0.1.tgz",
          "integrity": "sha512-GpgvHHocGRyQm74b6FWEZZVRroHKE1I0/BTjAmySaohK+cUn+hZpbqXkc3KWgW3gQYkqcQej35FohcT0FRlkRQ==",
          "requires": {
            "base64-js": "^1.2.3",
            "xmlbuilder": "^9.0.7",
            "xmldom": "0.1.x"
          }
        },
        "shelljs": {
          "version": "0.2.6",
          "resolved": "https://registry.npmjs.org/shelljs/-/shelljs-0.2.6.tgz",
          "integrity": "sha1-kEktcv/MgVmXa6umL7D2iE8MM3g="
        },
        "simctl": {
          "version": "2.0.0",
          "resolved": "https://registry.npmjs.org/simctl/-/simctl-2.0.0.tgz",
          "integrity": "sha512-5rB7rN4N3b0z0nFdy9eczVssXqrv2aAgdVRksPVqVoiDtvXmfzNvebp3EMdId2sAUzXIflarQlx4P0hjVQEzKQ==",
          "requires": {
            "shelljs": "^0.2.6",
            "tail": "^0.4.0"
          }
        },
        "xmlbuilder": {
          "version": "9.0.7",
          "resolved": "https://registry.npmjs.org/xmlbuilder/-/xmlbuilder-9.0.7.tgz",
          "integrity": "sha1-Ey7mPS7FVlxVfiD0wi35rKaGsQ0="
        }
      }
    },
    "minimatch": {
      "version": "3.0.4",
      "resolved": "https://registry.npmjs.org/minimatch/-/minimatch-3.0.4.tgz",
      "integrity": "sha512-yJHVQEhyqPLUTgt9B83PXu6W3rx4MvvHvSUvToogpwoGDOUQ+yDrR0HRot+yOCdCO7u4hX3pWft6kWBBcqh0UA==",
      "requires": {
        "brace-expansion": "^1.1.7"
      }
    },
    "nopt": {
      "version": "3.0.6",
      "resolved": "https://registry.npmjs.org/nopt/-/nopt-3.0.6.tgz",
      "integrity": "sha1-xkZdvwirzU2zWTF/eaxopkayj/k=",
      "requires": {
        "abbrev": "1"
      }
    },
    "once": {
      "version": "1.4.0",
      "resolved": "https://registry.npmjs.org/once/-/once-1.4.0.tgz",
      "integrity": "sha1-WDsap3WWHUsROsF9nFC6753Xa9E=",
      "requires": {
        "wrappy": "1"
      }
    },
    "path-is-absolute": {
      "version": "1.0.1",
      "resolved": "https://registry.npmjs.org/path-is-absolute/-/path-is-absolute-1.0.1.tgz",
      "integrity": "sha1-F0uSaHNVNP+8es5r9TpanhtcX18="
    },
    "pegjs": {
      "version": "0.10.0",
      "resolved": "https://registry.npmjs.org/pegjs/-/pegjs-0.10.0.tgz",
      "integrity": "sha1-z4uvrm7d/0tafvsYUmnqr0YQ3b0="
    },
    "plist": {
      "version": "2.1.0",
      "resolved": "https://registry.npmjs.org/plist/-/plist-2.1.0.tgz",
      "integrity": "sha1-V8zbeggh3yGDEhejytVOPhRqECU=",
      "requires": {
        "base64-js": "1.2.0",
        "xmlbuilder": "8.2.2",
        "xmldom": "0.1.x"
      }
    },
    "q": {
      "version": "1.5.1",
      "resolved": "https://registry.npmjs.org/q/-/q-1.5.1.tgz",
      "integrity": "sha1-fjL3W0E4EpHQRhHxvxQQmsAGUdc="
    },
    "sax": {
      "version": "0.3.5",
      "resolved": "https://registry.npmjs.org/sax/-/sax-0.3.5.tgz",
      "integrity": "sha1-iPz8H3PAyLvVt8d2ttPzUB7tBz0="
    },
    "shelljs": {
      "version": "0.5.3",
      "resolved": "https://registry.npmjs.org/shelljs/-/shelljs-0.5.3.tgz",
      "integrity": "sha1-xUmCuZbHbvDB5rWfvcWCX1txMRM="
    },
    "simctl": {
      "version": "1.1.1",
      "resolved": "https://registry.npmjs.org/simctl/-/simctl-1.1.1.tgz",
      "integrity": "sha512-yY1WQMq/pneY5jQb2+lFp45qEtcz4yKBu1NOPo2OFDVCkwSkQhpkoaAaO1fWhq4IU0+8TQ2r1PMGSTedP0A/Og==",
      "requires": {
        "shelljs": "^0.2.6",
        "tail": "^0.4.0"
      },
      "dependencies": {
        "shelljs": {
          "version": "0.2.6",
          "resolved": "https://registry.npmjs.org/shelljs/-/shelljs-0.2.6.tgz",
          "integrity": "sha1-kEktcv/MgVmXa6umL7D2iE8MM3g="
        }
      }
    },
    "simple-plist": {
      "version": "0.2.1",
      "resolved": "https://registry.npmjs.org/simple-plist/-/simple-plist-0.2.1.tgz",
      "integrity": "sha1-cXZts1IyaSjPOoByQrp2IyJjZyM=",
      "requires": {
        "bplist-creator": "0.0.7",
        "bplist-parser": "0.1.1",
        "plist": "2.0.1"
      },
      "dependencies": {
        "base64-js": {
          "version": "1.1.2",
          "resolved": "https://registry.npmjs.org/base64-js/-/base64-js-1.1.2.tgz",
          "integrity": "sha1-1kAMrBxMZgl22Q0HoENR2JOV9eg="
        },
        "plist": {
          "version": "2.0.1",
          "resolved": "https://registry.npmjs.org/plist/-/plist-2.0.1.tgz",
          "integrity": "sha1-CjLKlIGxw2TpLhjcVch23p0B2os=",
          "requires": {
            "base64-js": "1.1.2",
            "xmlbuilder": "8.2.2",
            "xmldom": "0.1.x"
          }
        }
      }
    },
    "stream-buffers": {
      "version": "2.2.0",
      "resolved": "https://registry.npmjs.org/stream-buffers/-/stream-buffers-2.2.0.tgz",
      "integrity": "sha1-kdX1Ew0c75bc+n9yaUUYh0HQnuQ="
    },
    "tail": {
      "version": "0.4.0",
      "resolved": "https://registry.npmjs.org/tail/-/tail-0.4.0.tgz",
      "integrity": "sha1-0p3nJ1DMmdseBTr/E8NZ7PtxMAI="
    },
    "underscore": {
      "version": "1.9.1",
      "resolved": "https://registry.npmjs.org/underscore/-/underscore-1.9.1.tgz",
      "integrity": "sha512-5/4etnCkd9c8gwgowi5/om/mYO5ajCaOgdzj/oW+0eQV9WxKBDZw5+ycmKmeaTXjInS/W0BzpGLo2xR2aBwZdg=="
    },
    "unorm": {
      "version": "1.4.1",
      "resolved": "https://registry.npmjs.org/unorm/-/unorm-1.4.1.tgz",
      "integrity": "sha1-NkIA1fE2RsqLzURJAnEzVhR5IwA="
    },
    "uuid": {
      "version": "3.0.1",
      "resolved": "https://registry.npmjs.org/uuid/-/uuid-3.0.1.tgz",
      "integrity": "sha1-ZUS7ot/ajBzxfmKaOjBeK7H+5sE="
    },
    "wrappy": {
      "version": "1.0.2",
      "resolved": "https://registry.npmjs.org/wrappy/-/wrappy-1.0.2.tgz",
      "integrity": "sha1-tSQ9jz7BqjXxNkYFvA0QNuMKtp8="
    },
    "xcode": {
      "version": "0.9.3",
      "resolved": "https://registry.npmjs.org/xcode/-/xcode-0.9.3.tgz",
      "integrity": "sha1-kQqJwWrubMC0LKgFptC0z4chHPM=",
      "requires": {
        "pegjs": "^0.10.0",
        "simple-plist": "^0.2.1",
        "uuid": "3.0.1"
      }
    },
    "xml-escape": {
      "version": "1.1.0",
      "resolved": "https://registry.npmjs.org/xml-escape/-/xml-escape-1.1.0.tgz",
      "integrity": "sha1-OQTBQ/qOs6ADDsZG0pAqLxtwbEQ="
    },
    "xmlbuilder": {
      "version": "8.2.2",
      "resolved": "https://registry.npmjs.org/xmlbuilder/-/xmlbuilder-8.2.2.tgz",
      "integrity": "sha1-aSSGc0ELS6QuGmE2VR0pIjNap3M="
    },
    "xmldom": {
      "version": "0.1.27",
      "resolved": "https://registry.npmjs.org/xmldom/-/xmldom-0.1.27.tgz",
      "integrity": "sha1-1QH5ezvbQDr4757MIFcxh6rawOk="
    }
  }
}
